<?xml version="1.0" encoding="utf-8"?>
<Project ToolsVersion="4.0" xmlns="http://schemas.microsoft.com/developer/msbuild/2003">
  <ItemGroup>
    <Filter Include="Source Files">
      <UniqueIdentifier>{5c9d43c0-1091-4fc8-a732-11cd333ccdca}</UniqueIdentifier>
      <Extensions>cpp;c;cxx;rc;def;r;odl;idl;hpj;bat</Extensions>
    </Filter>
    <Filter Include="Header Files">
      <UniqueIdentifier>{775af29d-f2e8-4f44-a3c5-a81b98087d52}</UniqueIdentifier>
      <Extensions>h;hpp;hxx;hm;inl</Extensions>
    </Filter>
  </ItemGroup>
  <ItemGroup>
    <ClCompile Include="..\src\dupe.c">
      <Filter>Source Files</Filter>
    </ClCompile>
    <ClCompile Include="..\src\scanmsg.c">
      <Filter>Source Files</Filter>
    </ClCompile>
    <ClCompile Include="..\src\uuecode.c">
      <Filter>Source Files</Filter>
    </ClCompile>
    <ClCompile Include="..\src\uuefile.c">
      <Filter>Source Files</Filter>
    </ClCompile>
  </ItemGroup>
  <ItemGroup>
    <ClInclude Include="..\h\cvsdate.h">
      <Filter>Header Files</Filter>
    </ClInclude>
    <ClInclude Include="..\h\dupe.h">
      <Filter>Header Files</Filter>
    </ClInclude>
    <ClInclude Include="..\h\uuecode.h">
      <Filter>Header Files</Filter>
    </ClInclude>
    <ClInclude Include="..\h\version.h">
      <Filter>Header Files</Filter>
    </ClInclude>
  </ItemGroup>
</Project>